
Microsoft Visual Studio Solution File, Format Version 12.00
# Visual Studio Version 16
VisualStudioVersion = 16.0.32413.511
MinimumVisualStudioVersion = 10.0.40219.1
Project("{FAE04EC0-301F-11D3-BF4B-00C04F79EFBC}") = "AppInmobiliaria.Common", "AppInmobiliaria.Common\AppInmobiliaria.Common.csproj", "{949147E8-DA6C-4944-9504-2FB05EF7BAE6}"
EndProject
Project("{FAE04EC0-301F-11D3-BF4B-00C04F79EFBC}") = "AppInmobiliaria.WebApp", "AppInmobiliaria.WebApp\AppInmobiliaria.WebApp.csproj", "{4F244C2B-0E02-40BB-B254-82DCCB6B5617}"
EndProject
Global
	GlobalSection(SolutionConfigurationPlatforms) = preSolution
		Debug|Any CPU = Debug|Any CPU
		Release|Any CPU = Release|Any CPU
	EndGlobalSection
	GlobalSection(ProjectConfigurationPlatforms) = postSolution
		{949147E8-DA6C-4944-9504-2FB05EF7BAE6}.Debug|Any CPU.ActiveCfg = Debug|Any CPU
		{949147E8-DA6C-4944-9504-2FB05EF7BAE6}.Debug|Any CPU.Build.0 = Debug|Any CPU
		{949147E8-DA6C-4944-9504-2FB05EF7BAE6}.Release|Any CPU.ActiveCfg = Release|Any CPU
		{949147E8-DA6C-4944-9504-2FB05EF7BAE6}.Release|Any CPU.Build.0 = Release|Any CPU
		{4F244C2B-0E02-40BB-B254-82DCCB6B5617}.Debug|Any CPU.ActiveCfg = Debug|Any CPU
		{4F244C2B-0E02-40BB-B254-82DCCB6B5617}.Debug|Any CPU.Build.0 = Debug|Any CPU
		{4F244C2B-0E02-40BB-B254-82DCCB6B5617}.Release|Any CPU.ActiveCfg = Release|Any CPU
		{4F244C2B-0E02-40BB-B254-82DCCB6B5617}.Release|Any CPU.Build.0 = Release|Any CPU
	EndGlobalSection
	GlobalSection(SolutionProperties) = preSolution
		HideSolutionNode = FALSE
	EndGlobalSection
	GlobalSection(ExtensibilityGlobals) = postSolution
		SolutionGuid = {7A1E4E71-3E74-4C56-BA8B-41C78DC5661B}
	EndGlobalSection
EndGlobal
